// !$*UTF8*$!
{
	archiveVersion = 1;
	classes = {
	};
	objectVersion = 48;
	objects = {

/* Begin PBXBuildFile section */
		00C625D02048B46200F9500F /* MasterList.swift in Sources */ = {isa = PBXBuildFile; fileRef = 00C625CF2048B46200F9500F /* MasterList.swift */; };
		00C625D22048B4C000F9500F /* DataManager.swift in Sources */ = {isa = PBXBuildFile; fileRef = 00C625D12048B4C000F9500F /* DataManager.swift */; };
		00C625D42048B90200F9500F /* MasterList.json in Resources */ = {isa = PBXBuildFile; fileRef = 00C625D32048B90200F9500F /* MasterList.json */; };
		00C625D62048B98B00F9500F /* papamurphytest.json in Resources */ = {isa = PBXBuildFile; fileRef = 00C625D52048B98B00F9500F /* papamurphytest.json */; };
		00C625DA2048C94000F9500F /* MasterListViewController.swift in Sources */ = {isa = PBXBuildFile; fileRef = 00C625D92048C94000F9500F /* MasterListViewController.swift */; };
		00C625DC2048CA3B00F9500F /* TimerViewController.swift in Sources */ = {isa = PBXBuildFile; fileRef = 00C625DB2048CA3B00F9500F /* TimerViewController.swift */; };
		00FBBD462048A71200836F90 /* AppDelegate.swift in Sources */ = {isa = PBXBuildFile; fileRef = 00FBBD452048A71200836F90 /* AppDelegate.swift */; };
		00FBBD482048A71200836F90 /* ViewController.swift in Sources */ = {isa = PBXBuildFile; fileRef = 00FBBD472048A71200836F90 /* ViewController.swift */; };
		00FBBD4B2048A71200836F90 /* Main.storyboard in Resources */ = {isa = PBXBuildFile; fileRef = 00FBBD492048A71200836F90 /* Main.storyboard */; };
		00FBBD4D2048A71200836F90 /* Assets.xcassets in Resources */ = {isa = PBXBuildFile; fileRef = 00FBBD4C2048A71200836F90 /* Assets.xcassets */; };
		00FBBD502048A71200836F90 /* LaunchScreen.storyboard in Resources */ = {isa = PBXBuildFile; fileRef = 00FBBD4E2048A71200836F90 /* LaunchScreen.storyboard */; };
		00FBBD582048A7C800836F90 /* Podfile in Resources */ = {isa = PBXBuildFile; fileRef = 00FBBD572048A7C800836F90 /* Podfile */; };
		694F4F37A57321B146366106 /* Pods_PizzaTimer.framework in Frameworks */ = {isa = PBXBuildFile; fileRef = 5E187169C88632DC5DFA0B0E /* Pods_PizzaTimer.framework */; };
/* End PBXBuildFile section */

/* Begin PBXFileReference section */
		00C625CF2048B46200F9500F /* MasterList.swift */ = {isa = PBXFileReference; lastKnownFileType = sourcecode.swift; path = MasterList.swift; sourceTree = "<group>"; };
		00C625D12048B4C000F9500F /* DataManager.swift */ = {isa = PBXFileReference; lastKnownFileType = sourcecode.swift; path = DataManager.swift; sourceTree = "<group>"; };
		00C625D32048B90200F9500F /* MasterList.json */ = {isa = PBXFileReference; lastKnownFileType = text.json; path = MasterList.json; sourceTree = "<group>"; };
		00C625D52048B98B00F9500F /* papamurphytest.json */ = {isa = PBXFileReference; lastKnownFileType = text.json; path = papamurphytest.json; sourceTree = "<group>"; };
		00C625D92048C94000F9500F /* MasterListViewController.swift */ = {isa = PBXFileReference; lastKnownFileType = sourcecode.swift; path = MasterListViewController.swift; sourceTree = "<group>"; };
		00C625DB2048CA3B00F9500F /* TimerViewController.swift */ = {isa = PBXFileReference; lastKnownFileType = sourcecode.swift; path = TimerViewController.swift; sourceTree = "<group>"; };
		00FBBD422048A71200836F90 /* PizzaTimer.app */ = {isa = PBXFileReference; explicitFileType = wrapper.application; includeInIndex = 0; path = PizzaTimer.app; sourceTree = BUILT_PRODUCTS_DIR; };
		00FBBD452048A71200836F90 /* AppDelegate.swift */ = {isa = PBXFileReference; lastKnownFileType = sourcecode.swift; path = AppDelegate.swift; sourceTree = "<group>"; };
		00FBBD472048A71200836F90 /* ViewController.swift */ = {isa = PBXFileReference; lastKnownFileType = sourcecode.swift; path = ViewController.swift; sourceTree = "<group>"; };
		00FBBD4A2048A71200836F90 /* Base */ = {isa = PBXFileReference; lastKnownFileType = file.storyboard; name = Base; path = Base.lproj/Main.storyboard; sourceTree = "<group>"; };
		00FBBD4C2048A71200836F90 /* Assets.xcassets */ = {isa = PBXFileReference; lastKnownFileType = folder.assetcatalog; path = Assets.xcassets; sourceTree = "<group>"; };
		00FBBD4F2048A71200836F90 /* Base */ = {isa = PBXFileReference; lastKnownFileType = file.storyboard; name = Base; path = Base.lproj/LaunchScreen.storyboard; sourceTree = "<group>"; };
		00FBBD512048A71200836F90 /* Info.plist */ = {isa = PBXFileReference; lastKnownFileType = text.plist.xml; path = Info.plist; sourceTree = "<group>"; };
		00FBBD572048A7C800836F90 /* Podfile */ = {isa = PBXFileReference; fileEncoding = 4; lastKnownFileType = text; path = Podfile; sourceTree = SOURCE_ROOT; };
		01DC91E9AA2C97700A07B656 /* Pods-PizzaTimer.debug.xcconfig */ = {isa = PBXFileReference; includeInIndex = 1; lastKnownFileType = text.xcconfig; name = "Pods-PizzaTimer.debug.xcconfig"; path = "Pods/Target Support Files/Pods-PizzaTimer/Pods-PizzaTimer.debug.xcconfig"; sourceTree = "<group>"; };
		5E187169C88632DC5DFA0B0E /* Pods_PizzaTimer.framework */ = {isa = PBXFileReference; explicitFileType = wrapper.framework; includeInIndex = 0; path = Pods_PizzaTimer.framework; sourceTree = BUILT_PRODUCTS_DIR; };
		CD6664F0CED2A1AFA486CB36 /* Pods-PizzaTimer.release.xcconfig */ = {isa = PBXFileReference; includeInIndex = 1; lastKnownFileType = text.xcconfig; name = "Pods-PizzaTimer.release.xcconfig"; path = "Pods/Target Support Files/Pods-PizzaTimer/Pods-PizzaTimer.release.xcconfig"; sourceTree = "<group>"; };
/* End PBXFileReference section */

/* Begin PBXFrameworksBuildPhase section */
		00FBBD3F2048A71200836F90 /* Frameworks */ = {
			isa = PBXFrameworksBuildPhase;
			buildActionMask = 2147483647;
			files = (
				694F4F37A57321B146366106 /* Pods_PizzaTimer.framework in Frameworks */,
			);
			runOnlyForDeploymentPostprocessing = 0;
		};
/* End PBXFrameworksBuildPhase section */

/* Begin PBXGroup section */
		00FBBD392048A71200836F90 = {
			isa = PBXGroup;
			children = (
				00FBBD442048A71200836F90 /* PizzaTimer */,
				00FBBD432048A71200836F90 /* Products */,
				DB158B7F36944DD20071069E /* Pods */,
				112C12569C5572085914707E /* Frameworks */,
			);
			sourceTree = "<group>";
		};
		00FBBD432048A71200836F90 /* Products */ = {
			isa = PBXGroup;
			children = (
				00FBBD422048A71200836F90 /* PizzaTimer.app */,
			);
			name = Products;
			sourceTree = "<group>";
		};
		00FBBD442048A71200836F90 /* PizzaTimer */ = {
			isa = PBXGroup;
			children = (
				00FBBD572048A7C800836F90 /* Podfile */,
				00FBBD452048A71200836F90 /* AppDelegate.swift */,
				00FBBD472048A71200836F90 /* ViewController.swift */,
				00FBBD492048A71200836F90 /* Main.storyboard */,
				00FBBD4C2048A71200836F90 /* Assets.xcassets */,
				00FBBD4E2048A71200836F90 /* LaunchScreen.storyboard */,
				00FBBD512048A71200836F90 /* Info.plist */,
				00C625CF2048B46200F9500F /* MasterList.swift */,
				00C625D12048B4C000F9500F /* DataManager.swift */,
				00C625D32048B90200F9500F /* MasterList.json */,
				00C625D52048B98B00F9500F /* papamurphytest.json */,
				00C625D92048C94000F9500F /* MasterListViewController.swift */,
				00C625DB2048CA3B00F9500F /* TimerViewController.swift */,
			);
			path = PizzaTimer;
			sourceTree = "<group>";
		};
		112C12569C5572085914707E /* Frameworks */ = {
			isa = PBXGroup;
			children = (
				5E187169C88632DC5DFA0B0E /* Pods_PizzaTimer.framework */,
			);
			name = Frameworks;
			sourceTree = "<group>";
		};
		DB158B7F36944DD20071069E /* Pods */ = {
			isa = PBXGroup;
			children = (
				01DC91E9AA2C97700A07B656 /* Pods-PizzaTimer.debug.xcconfig */,
				CD6664F0CED2A1AFA486CB36 /* Pods-PizzaTimer.release.xcconfig */,
			);
			name = Pods;
			sourceTree = "<group>";
		};
/* End PBXGroup section */

/* Begin PBXNativeTarget section */
		00FBBD412048A71200836F90 /* PizzaTimer */ = {
			isa = PBXNativeTarget;
			buildConfigurationList = 00FBBD542048A71200836F90 /* Build configuration list for PBXNativeTarget "PizzaTimer" */;
			buildPhases = (
				1B4CD3F3CC22A95B77A1DC75 /* [CP] Check Pods Manifest.lock */,
				00FBBD3E2048A71200836F90 /* Sources */,
				00FBBD3F2048A71200836F90 /* Frameworks */,
				00FBBD402048A71200836F90 /* Resources */,
				7CE523DC30E699DA36BB8F6B /* [CP] Embed Pods Frameworks */,
				2AFA280894DE015FB334D9D0 /* [CP] Copy Pods Resources */,
			);
			buildRules = (
			);
			dependencies = (
			);
			name = PizzaTimer;
			productName = PizzaTimer;
			productReference = 00FBBD422048A71200836F90 /* PizzaTimer.app */;
			productType = "com.apple.product-type.application";
		};
/* End PBXNativeTarget section */

/* Begin PBXProject section */
		00FBBD3A2048A71200836F90 /* Project object */ = {
			isa = PBXProject;
			attributes = {
				LastSwiftUpdateCheck = 0920;
				LastUpgradeCheck = 0920;
				ORGANIZATIONNAME = "Timothy Ludi";
				TargetAttributes = {
					00FBBD412048A71200836F90 = {
						CreatedOnToolsVersion = 9.2;
						ProvisioningStyle = Automatic;
					};
				};
			};
			buildConfigurationList = 00FBBD3D2048A71200836F90 /* Build configuration list for PBXProject "PizzaTimer" */;
			compatibilityVersion = "Xcode 8.0";
			developmentRegion = en;
			hasScannedForEncodings = 0;
			knownRegions = (
				en,
				Base,
			);
			mainGroup = 00FBBD392048A71200836F90;
			productRefGroup = 00FBBD432048A71200836F90 /* Products */;
			projectDirPath = "";
			projectRoot = "";
			targets = (
				00FBBD412048A71200836F90 /* PizzaTimer */,
			);
		};
/* End PBXProject section */

/* Begin PBXResourcesBuildPhase section */
		00FBBD402048A71200836F90 /* Resources */ = {
			isa = PBXResourcesBuildPhase;
			buildActionMask = 2147483647;
			files = (
				00C625D62048B98B00F9500F /* papamurphytest.json in Resources */,
				00FBBD502048A71200836F90 /* LaunchScreen.storyboard in Resources */,
				00FBBD4D2048A71200836F90 /* Assets.xcassets in Resources */,
				00FBBD582048A7C800836F90 /* Podfile in Resources */,
				00FBBD4B2048A71200836F90 /* Main.storyboard in Resources */,
				00C625D42048B90200F9500F /* MasterList.json in Resources */,
			);
			runOnlyForDeploymentPostprocessing = 0;
		};
/* End PBXResourcesBuildPhase section */

/* Begin PBXShellScriptBuildPhase section */
		1B4CD3F3CC22A95B77A1DC75 /* [CP] Check Pods Manifest.lock */ = {
			isa = PBXShellScriptBuildPhase;
			buildActionMask = 2147483647;
			files = (
			);
			inputPaths = (
				"${PODS_PODFILE_DIR_PATH}/Podfile.lock",
				"${PODS_ROOT}/Manifest.lock",
			);
			name = "[CP] Check Pods Manifest.lock";
			outputPaths = (
				"$(DERIVED_FILE_DIR)/Pods-PizzaTimer-checkManifestLockResult.txt",
			);
			runOnlyForDeploymentPostprocessing = 0;
			shellPath = /bin/sh;
			shellScript = "diff \"${PODS_PODFILE_DIR_PATH}/Podfile.lock\" \"${PODS_ROOT}/Manifest.lock\" > /dev/null\nif [ $? != 0 ] ; then\n    # print error to STDERR\n    echo \"error: The sandbox is not in sync with the Podfile.lock. Run 'pod install' or update your CocoaPods installation.\" >&2\n    exit 1\nfi\n# This output is used by Xcode 'outputs' to avoid re-running this script phase.\necho \"SUCCESS\" > \"${SCRIPT_OUTPUT_FILE_0}\"\n";
			showEnvVarsInLog = 0;
		};
		2AFA280894DE015FB334D9D0 /* [CP] Copy Pods Resources */ = {
			isa = PBXShellScriptBuildPhase;
			buildActionMask = 2147483647;
			files = (
			);
			inputPaths = (
			);
			name = "[CP] Copy Pods Resources";
			outputPaths = (
			);
			runOnlyForDeploymentPostprocessing = 0;
			shellPath = /bin/sh;
			shellScript = "\"${SRCROOT}/Pods/Target Support Files/Pods-PizzaTimer/Pods-PizzaTimer-resources.sh\"\n";
			showEnvVarsInLog = 0;
		};
		7CE523DC30E699DA36BB8F6B /* [CP] Embed Pods Frameworks */ = {
			isa = PBXShellScriptBuildPhase;
			buildActionMask = 2147483647;
			files = (
			);
			inputPaths = (
				"${SRCROOT}/Pods/Target Support Files/Pods-PizzaTimer/Pods-PizzaTimer-frameworks.sh",
				"${BUILT_PRODUCTS_DIR}/Realm/Realm.framework",
				"${BUILT_PRODUCTS_DIR}/RealmSwift/RealmSwift.framework",
			);
			name = "[CP] Embed Pods Frameworks";
			outputPaths = (
				"${TARGET_BUILD_DIR}/${FRAMEWORKS_FOLDER_PATH}/Realm.framework",
				"${TARGET_BUILD_DIR}/${FRAMEWORKS_FOLDER_PATH}/RealmSwift.framework",
			);
			runOnlyForDeploymentPostprocessing = 0;
			shellPath = /bin/sh;
			shellScript = "\"${SRCROOT}/Pods/Target Support Files/Pods-PizzaTimer/Pods-PizzaTimer-frameworks.sh\"\n";
			showEnvVarsInLog = 0;
		};
/* End PBXShellScriptBuildPhase section */

/* Begin PBXSourcesBuildPhase section */
		00FBBD3E2048A71200836F90 /* Sources */ = {
			isa = PBXSourcesBuildPhase;
			buildActionMask = 2147483647;
			files = (
				00FBBD482048A71200836F90 /* ViewController.swift in Sources */,
				00C625D22048B4C000F9500F /* DataManager.swift in Sources */,
				00C625DA2048C94000F9500F /* MasterListViewController.swift in Sources */,
				00C625D02048B46200F9500F /* MasterList.swift in Sources */,
				00C625DC2048CA3B00F9500F /* TimerViewController.swift in Sources */,
				00FBBD462048A71200836F90 /* AppDelegate.swift in Sources */,
			);
			runOnlyForDeploymentPostprocessing = 0;
		};
/* End PBXSourcesBuildPhase section */

/* Begin PBXVariantGroup section */
		00FBBD492048A71200836F90 /* Main.storyboard */ = {
			isa = PBXVariantGroup;
			children = (
				00FBBD4A2048A71200836F90 /* Base */,
			);
			name = Main.storyboard;
			sourceTree = "<group>";
		};
		00FBBD4E2048A71200836F90 /* LaunchScreen.storyboard */ = {
			isa = PBXVariantGroup;
			children = (
				00FBBD4F2048A71200836F90 /* Base */,
			);
			name = LaunchScreen.storyboard;
			sourceTree = "<group>";
		};
/* End PBXVariantGroup section */

/* Begin XCBuildConfiguration section */
		00FBBD522048A71200836F90 /* Debug */ = {
			isa = XCBuildConfiguration;
			buildSettings = {
				ALWAYS_SEARCH_USER_PATHS = NO;
				CLANG_ANALYZER_NONNULL = YES;
				CLANG_ANALYZER_NUMBER_OBJECT_CONVERSION = YES_AGGRESSIVE;
				CLANG_CXX_LANGUAGE_STANDARD = "gnu++14";
				CLANG_CXX_LIBRARY = "libc++";
				CLANG_ENABLE_MODULES = YES;
				CLANG_ENABLE_OBJC_ARC = YES;
				CLANG_WARN_BLOCK_CAPTURE_AUTORELEASING = YES;
				CLANG_WARN_BOOL_CONVERSION = YES;
				CLANG_WARN_COMMA = YES;
				CLANG_WARN_CONSTANT_CONVERSION = YES;
				CLANG_WARN_DIRECT_OBJC_ISA_USAGE = YES_ERROR;
				CLANG_WARN_DOCUMENTATION_COMMENTS = YES;
				CLANG_WARN_EMPTY_BODY = YES;
				CLANG_WARN_ENUM_CONVERSION = YES;
				CLANG_WARN_INFINITE_RECURSION = YES;
				CLANG_WARN_INT_CONVERSION = YES;
				CLANG_WARN_NON_LITERAL_NULL_CONVERSION = YES;
				CLANG_WARN_OBJC_LITERAL_CONVERSION = YES;
				CLANG_WARN_OBJC_ROOT_CLASS = YES_ERROR;
				CLANG_WARN_RANGE_LOOP_ANALYSIS = YES;
				CLANG_WARN_STRICT_PROTOTYPES = YES;
				CLANG_WARN_SUSPICIOUS_MOVE = YES;
				CLANG_WARN_UNGUARDED_AVAILABILITY = YES_AGGRESSIVE;
				CLANG_WARN_UNREACHABLE_CODE = YES;
				CLANG_WARN__DUPLICATE_METHOD_MATCH = YES;
				CODE_SIGN_IDENTITY = "iPhone Developer";
				COPY_PHASE_STRIP = NO;
				DEBUG_INFORMATION_FORMAT = dwarf;
				ENABLE_STRICT_OBJC_MSGSEND = YES;
				ENABLE_TESTABILITY = YES;
				GCC_C_LANGUAGE_STANDARD = gnu11;
				GCC_DYNAMIC_NO_PIC = NO;
				GCC_NO_COMMON_BLOCKS = YES;
				GCC_OPTIMIZATION_LEVEL = 0;
				GCC_PREPROCESSOR_DEFINITIONS = (
					"DEBUG=1",
					"$(inherited)",
				);
				GCC_WARN_64_TO_32_BIT_CONVERSION = YES;
				GCC_WARN_ABOUT_RETURN_TYPE = YES_ERROR;
				GCC_WARN_UNDECLARED_SELECTOR = YES;
				GCC_WARN_UNINITIALIZED_AUTOS = YES_AGGRESSIVE;
				GCC_WARN_UNUSED_FUNCTION = YES;
				GCC_WARN_UNUSED_VARIABLE = YES;
				IPHONEOS_DEPLOYMENT_TARGET = 11.2;
				MTL_ENABLE_DEBUG_INFO = YES;
				ONLY_ACTIVE_ARCH = YES;
				SDKROOT = iphoneos;
				SWIFT_ACTIVE_COMPILATION_CONDITIONS = DEBUG;
				SWIFT_OPTIMIZATION_LEVEL = "-Onone";
			};
			name = Debug;
		};
		00FBBD532048A71200836F90 /* Release */ = {
			isa = XCBuildConfiguration;
			buildSettings = {
				ALWAYS_SEARCH_USER_PATHS = NO;
				CLANG_ANALYZER_NONNULL = YES;
				CLANG_ANALYZER_NUMBER_OBJECT_CONVERSION = YES_AGGRESSIVE;
				CLANG_CXX_LANGUAGE_STANDARD = "gnu++14";
				CLANG_CXX_LIBRARY = "libc++";
				CLANG_ENABLE_MODULES = YES;
				CLANG_ENABLE_OBJC_ARC = YES;
				CLANG_WARN_BLOCK_CAPTURE_AUTORELEASING = YES;
				CLANG_WARN_BOOL_CONVERSION = YES;
				CLANG_WARN_COMMA = YES;
				CLANG_WARN_CONSTANT_CONVERSION = YES;
				CLANG_WARN_DIRECT_OBJC_ISA_USAGE = YES_ERROR;
				CLANG_WARN_DOCUMENTATION_COMMENTS = YES;
				CLANG_WARN_EMPTY_BODY = YES;
				CLANG_WARN_ENUM_CONVERSION = YES;
				CLANG_WARN_INFINITE_RECURSION = YES;
				CLANG_WARN_INT_CONVERSION = YES;
				CLANG_WARN_NON_LITERAL_NULL_CONVERSION = YES;
				CLANG_WARN_OBJC_LITERAL_CONVERSION = YES;
				CLANG_WARN_OBJC_ROOT_CLASS = YES_ERROR;
				CLANG_WARN_RANGE_LOOP_ANALYSIS = YES;
				CLANG_WARN_STRICT_PROTOTYPES = YES;
				CLANG_WARN_SUSPICIOUS_MOVE = YES;
				CLANG_WARN_UNGUARDED_AVAILABILITY = YES_AGGRESSIVE;
				CLANG_WARN_UNREACHABLE_CODE = YES;
				CLANG_WARN__DUPLICATE_METHOD_MATCH = YES;
				CODE_SIGN_IDENTITY = "iPhone Developer";
				COPY_PHASE_STRIP = NO;
				DEBUG_INFORMATION_FORMAT = "dwarf-with-dsym";
				ENABLE_NS_ASSERTIONS = NO;
				ENABLE_STRICT_OBJC_MSGSEND = YES;
				GCC_C_LANGUAGE_STANDARD = gnu11;
				GCC_NO_COMMON_BLOCKS = YES;
				GCC_WARN_64_TO_32_BIT_CONVERSION = YES;
				GCC_WARN_ABOUT_RETURN_TYPE = YES_ERROR;
				GCC_WARN_UNDECLARED_SELECTOR = YES;
				GCC_WARN_UNINITIALIZED_AUTOS = YES_AGGRESSIVE;
				GCC_WARN_UNUSED_FUNCTION = YES;
				GCC_WARN_UNUSED_VARIABLE = YES;
				IPHONEOS_DEPLOYMENT_TARGET = 11.2;
				MTL_ENABLE_DEBUG_INFO = NO;
				SDKROOT = iphoneos;
				SWIFT_OPTIMIZATION_LEVEL = "-Owholemodule";
				VALIDATE_PRODUCT = YES;
			};
			name = Release;
		};
		00FBBD552048A71200836F90 /* Debug */ = {
			isa = XCBuildConfiguration;
			baseConfigurationReference = 01DC91E9AA2C97700A07B656 /* Pods-PizzaTimer.debug.xcconfig */;
			buildSettings = {
				ASSETCATALOG_COMPILER_APPICON_NAME = AppIcon;
				CODE_SIGN_STYLE = Automatic;
				DEVELOPMENT_TEAM = LWH67H9CS7;
				INFOPLIST_FILE = PizzaTimer/Info.plist;
				LD_RUNPATH_SEARCH_PATHS = "$(inherited) @executable_path/Frameworks";
				PRODUCT_BUNDLE_IDENTIFIER = com.oatmealLabs.PizzaTimer;
				PRODUCT_NAME = "$(TARGET_NAME)";
				SWIFT_VERSION = 4.0;
				TARGETED_DEVICE_FAMILY = "1,2";
			};
			name = Debug;
		};
		00FBBD562048A71200836F90 /* Release */ = {
			isa = XCBuildConfiguration;
			baseConfigurationReference = CD6664F0CED2A1AFA486CB36 /* Pods-PizzaTimer.release.xcconfig */;
			buildSettings = {
				ASSETCATALOG_COMPILER_APPICON_NAME = AppIcon;
				CODE_SIGN_STYLE = Automatic;
				DEVELOPMENT_TEAM = LWH67H9CS7;
				INFOPLIST_FILE = PizzaTimer/Info.plist;
				LD_RUNPATH_SEARCH_PATHS = "$(inherited) @executable_path/Frameworks";
				PRODUCT_BUNDLE_IDENTIFIER = com.oatmealLabs.PizzaTimer;
				PRODUCT_NAME = "$(TARGET_NAME)";
				SWIFT_VERSION = 4.0;
				TARGETED_DEVICE_FAMILY = "1,2";
			};
			name = Release;
		};
/* End XCBuildConfiguration section */

/* Begin XCConfigurationList section */
		00FBBD3D2048A71200836F90 /* Build configuration list for PBXProject "PizzaTimer" */ = {
			isa = XCConfigurationList;
			buildConfigurations = (
				00FBBD522048A71200836F90 /* Debug */,
				00FBBD532048A71200836F90 /* Release */,
			);
			defaultConfigurationIsVisible = 0;
			defaultConfigurationName = Release;
		};
		00FBBD542048A71200836F90 /* Build configuration list for PBXNativeTarget "PizzaTimer" */ = {
			isa = XCConfigurationList;
			buildConfigurations = (
				00FBBD552048A71200836F90 /* Debug */,
				00FBBD562048A71200836F90 /* Release */,
			);
			defaultConfigurationIsVisible = 0;
			defaultConfigurationName = Release;
		};
/* End XCConfigurationList section */
	};
	rootObject = 00FBBD3A2048A71200836F90 /* Project object */;
}
